
Microsoft Visual Studio Solution File, Format Version 12.00
# Visual Studio Version 17
VisualStudioVersion = 17.5.002.0
MinimumVisualStudioVersion = 10.0.40219.1
Project("{9A19103F-16F7-4668-BE54-9A1E7A4F7556}") = "ScreenSound", "ScreenSound.csproj", "{47CEF798-FF7C-4F64-B164-BEBFDE775F6A}"
EndProject
Global
	GlobalSection(SolutionConfigurationPlatforms) = preSolution
		Debug|Any CPU = Debug|Any CPU
		Release|Any CPU = Release|Any CPU
	EndGlobalSection
	GlobalSection(ProjectConfigurationPlatforms) = postSolution
		{47CEF798-FF7C-4F64-B164-BEBFDE775F6A}.Debug|Any CPU.ActiveCfg = Debug|Any CPU
		{47CEF798-FF7C-4F64-B164-BEBFDE775F6A}.Debug|Any CPU.Build.0 = Debug|Any CPU
		{47CEF798-FF7C-4F64-B164-BEBFDE775F6A}.Release|Any CPU.ActiveCfg = Release|Any CPU
		{47CEF798-FF7C-4F64-B164-BEBFDE775F6A}.Release|Any CPU.Build.0 = Release|Any CPU
	EndGlobalSection
	GlobalSection(SolutionProperties) = preSolution
		HideSolutionNode = FALSE
	EndGlobalSection
	GlobalSection(ExtensibilityGlobals) = postSolution
		SolutionGuid = {D5489EF8-09CC-41A6-977B-5E83C44C1DB2}
	EndGlobalSection
EndGlobal
